// !$*UTF8*$!
{
	archiveVersion = 1;
	classes = {
	};
	objectVersion = 46;
	objects = {

/* Begin PBXBuildFile section */
		0B54336215FF4DEF002CE137 /* UIKit.framework in Frameworks */ = {isa = PBXBuildFile; fileRef = 0B54336115FF4DEF002CE137 /* UIKit.framework */; };
		0B54336415FF4DEF002CE137 /* Foundation.framework in Frameworks */ = {isa = PBXBuildFile; fileRef = 0B54336315FF4DEF002CE137 /* Foundation.framework */; };
		0B54336615FF4DEF002CE137 /* CoreGraphics.framework in Frameworks */ = {isa = PBXBuildFile; fileRef = 0B54336515FF4DEF002CE137 /* CoreGraphics.framework */; };
		0B54336C15FF4DEF002CE137 /* InfoPlist.strings in Resources */ = {isa = PBXBuildFile; fileRef = 0B54336A15FF4DEF002CE137 /* InfoPlist.strings */; };
		0B54336E15FF4DEF002CE137 /* main.m in Sources */ = {isa = PBXBuildFile; fileRef = 0B54336D15FF4DEF002CE137 /* main.m */; };
		0B54337215FF4DEF002CE137 /* AppDelegate.m in Sources */ = {isa = PBXBuildFile; fileRef = 0B54337115FF4DEF002CE137 /* AppDelegate.m */; };
		0B54337515FF4DEF002CE137 /* MainStoryboard.storyboard in Resources */ = {isa = PBXBuildFile; fileRef = 0B54337315FF4DEF002CE137 /* MainStoryboard.storyboard */; };
		0B54338315FF54B3002CE137 /* LoginViewController.m in Sources */ = {isa = PBXBuildFile; fileRef = 0B54338215FF54B3002CE137 /* LoginViewController.m */; };
		0B54338915FF65DA002CE137 /* LoginCheck.m in Sources */ = {isa = PBXBuildFile; fileRef = 0B54338815FF65DA002CE137 /* LoginCheck.m */; };
		0B54338C15FF6DBE002CE137 /* NewItemViewController.m in Sources */ = {isa = PBXBuildFile; fileRef = 0B54338B15FF6DBE002CE137 /* NewItemViewController.m */; };
		0B54338F15FF6DD9002CE137 /* ChangePasswordViewController.m in Sources */ = {isa = PBXBuildFile; fileRef = 0B54338E15FF6DD9002CE137 /* ChangePasswordViewController.m */; };
		0B54339215FF6DF4002CE137 /* ViewItemViewController.m in Sources */ = {isa = PBXBuildFile; fileRef = 0B54339115FF6DF4002CE137 /* ViewItemViewController.m */; };
		0B54339515FF6E3E002CE137 /* MainViewController.m in Sources */ = {isa = PBXBuildFile; fileRef = 0B54339415FF6E3E002CE137 /* MainViewController.m */; };
		0B54339815FF9377002CE137 /* NSString_Md5Support.m in Sources */ = {isa = PBXBuildFile; fileRef = 0B54339715FF9377002CE137 /* NSString_Md5Support.m */; };
		0B54339B15FF9722002CE137 /* Logoff.m in Sources */ = {isa = PBXBuildFile; fileRef = 0B54339A15FF9722002CE137 /* Logoff.m */; };
		0BDB8E5616008D6600FC8A35 /* ListCell.m in Sources */ = {isa = PBXBuildFile; fileRef = 0BDB8E5516008D6600FC8A35 /* ListCell.m */; };
		0BDB8E5A1600989800FC8A35 /* ItemHandling.m in Sources */ = {isa = PBXBuildFile; fileRef = 0BDB8E591600989800FC8A35 /* ItemHandling.m */; };
/* End PBXBuildFile section */

/* Begin PBXFileReference section */
		0B54335D15FF4DEE002CE137 /* gglocker.app */ = {isa = PBXFileReference; explicitFileType = wrapper.application; includeInIndex = 0; path = gglocker.app; sourceTree = BUILT_PRODUCTS_DIR; };
		0B54336115FF4DEF002CE137 /* UIKit.framework */ = {isa = PBXFileReference; lastKnownFileType = wrapper.framework; name = UIKit.framework; path = System/Library/Frameworks/UIKit.framework; sourceTree = SDKROOT; };
		0B54336315FF4DEF002CE137 /* Foundation.framework */ = {isa = PBXFileReference; lastKnownFileType = wrapper.framework; name = Foundation.framework; path = System/Library/Frameworks/Foundation.framework; sourceTree = SDKROOT; };
		0B54336515FF4DEF002CE137 /* CoreGraphics.framework */ = {isa = PBXFileReference; lastKnownFileType = wrapper.framework; name = CoreGraphics.framework; path = System/Library/Frameworks/CoreGraphics.framework; sourceTree = SDKROOT; };
		0B54336915FF4DEF002CE137 /* gglocker-Info.plist */ = {isa = PBXFileReference; lastKnownFileType = text.plist.xml; path = "gglocker-Info.plist"; sourceTree = "<group>"; };
		0B54336B15FF4DEF002CE137 /* en */ = {isa = PBXFileReference; lastKnownFileType = text.plist.strings; name = en; path = en.lproj/InfoPlist.strings; sourceTree = "<group>"; };
		0B54336D15FF4DEF002CE137 /* main.m */ = {isa = PBXFileReference; lastKnownFileType = sourcecode.c.objc; path = main.m; sourceTree = "<group>"; };
		0B54336F15FF4DEF002CE137 /* gglocker-Prefix.pch */ = {isa = PBXFileReference; lastKnownFileType = sourcecode.c.h; path = "gglocker-Prefix.pch"; sourceTree = "<group>"; };
		0B54337015FF4DEF002CE137 /* AppDelegate.h */ = {isa = PBXFileReference; lastKnownFileType = sourcecode.c.h; path = AppDelegate.h; sourceTree = "<group>"; };
		0B54337115FF4DEF002CE137 /* AppDelegate.m */ = {isa = PBXFileReference; lastKnownFileType = sourcecode.c.objc; path = AppDelegate.m; sourceTree = "<group>"; };
		0B54337415FF4DEF002CE137 /* en */ = {isa = PBXFileReference; lastKnownFileType = file.storyboard; name = en; path = en.lproj/MainStoryboard.storyboard; sourceTree = "<group>"; };
		0B54338115FF54B3002CE137 /* LoginViewController.h */ = {isa = PBXFileReference; fileEncoding = 4; lastKnownFileType = sourcecode.c.h; name = LoginViewController.h; path = ../LoginViewController.h; sourceTree = "<group>"; };
		0B54338215FF54B3002CE137 /* LoginViewController.m */ = {isa = PBXFileReference; fileEncoding = 4; lastKnownFileType = sourcecode.c.objc; name = LoginViewController.m; path = ../LoginViewController.m; sourceTree = "<group>"; };
		0B54338715FF65DA002CE137 /* LoginCheck.h */ = {isa = PBXFileReference; fileEncoding = 4; lastKnownFileType = sourcecode.c.h; path = LoginCheck.h; sourceTree = "<group>"; };
		0B54338815FF65DA002CE137 /* LoginCheck.m */ = {isa = PBXFileReference; fileEncoding = 4; lastKnownFileType = sourcecode.c.objc; path = LoginCheck.m; sourceTree = "<group>"; };
		0B54338A15FF6DBE002CE137 /* NewItemViewController.h */ = {isa = PBXFileReference; fileEncoding = 4; lastKnownFileType = sourcecode.c.h; path = NewItemViewController.h; sourceTree = "<group>"; };
		0B54338B15FF6DBE002CE137 /* NewItemViewController.m */ = {isa = PBXFileReference; fileEncoding = 4; lastKnownFileType = sourcecode.c.objc; path = NewItemViewController.m; sourceTree = "<group>"; };
		0B54338D15FF6DD9002CE137 /* ChangePasswordViewController.h */ = {isa = PBXFileReference; fileEncoding = 4; lastKnownFileType = sourcecode.c.h; path = ChangePasswordViewController.h; sourceTree = "<group>"; };
		0B54338E15FF6DD9002CE137 /* ChangePasswordViewController.m */ = {isa = PBXFileReference; fileEncoding = 4; lastKnownFileType = sourcecode.c.objc; path = ChangePasswordViewController.m; sourceTree = "<group>"; };
		0B54339015FF6DF4002CE137 /* ViewItemViewController.h */ = {isa = PBXFileReference; fileEncoding = 4; lastKnownFileType = sourcecode.c.h; path = ViewItemViewController.h; sourceTree = "<group>"; };
		0B54339115FF6DF4002CE137 /* ViewItemViewController.m */ = {isa = PBXFileReference; fileEncoding = 4; lastKnownFileType = sourcecode.c.objc; path = ViewItemViewController.m; sourceTree = "<group>"; };
		0B54339315FF6E3E002CE137 /* MainViewController.h */ = {isa = PBXFileReference; fileEncoding = 4; lastKnownFileType = sourcecode.c.h; path = MainViewController.h; sourceTree = "<group>"; };
		0B54339415FF6E3E002CE137 /* MainViewController.m */ = {isa = PBXFileReference; fileEncoding = 4; lastKnownFileType = sourcecode.c.objc; path = MainViewController.m; sourceTree = "<group>"; };
		0B54339615FF932B002CE137 /* NSString_Md5Support.h */ = {isa = PBXFileReference; lastKnownFileType = sourcecode.c.h; path = NSString_Md5Support.h; sourceTree = "<group>"; };
		0B54339715FF9377002CE137 /* NSString_Md5Support.m */ = {isa = PBXFileReference; fileEncoding = 4; lastKnownFileType = sourcecode.c.objc; path = NSString_Md5Support.m; sourceTree = "<group>"; };
		0B54339915FF9722002CE137 /* Logoff.h */ = {isa = PBXFileReference; fileEncoding = 4; lastKnownFileType = sourcecode.c.h; path = Logoff.h; sourceTree = "<group>"; };
		0B54339A15FF9722002CE137 /* Logoff.m */ = {isa = PBXFileReference; fileEncoding = 4; lastKnownFileType = sourcecode.c.objc; path = Logoff.m; sourceTree = "<group>"; };
		0BDB8E5416008D6600FC8A35 /* ListCell.h */ = {isa = PBXFileReference; fileEncoding = 4; lastKnownFileType = sourcecode.c.h; path = ListCell.h; sourceTree = "<group>"; };
		0BDB8E5516008D6600FC8A35 /* ListCell.m */ = {isa = PBXFileReference; fileEncoding = 4; lastKnownFileType = sourcecode.c.objc; path = ListCell.m; sourceTree = "<group>"; };
		0BDB8E581600989800FC8A35 /* ItemHandling.h */ = {isa = PBXFileReference; fileEncoding = 4; lastKnownFileType = sourcecode.c.h; path = ItemHandling.h; sourceTree = "<group>"; };
		0BDB8E591600989800FC8A35 /* ItemHandling.m */ = {isa = PBXFileReference; fileEncoding = 4; lastKnownFileType = sourcecode.c.objc; path = ItemHandling.m; sourceTree = "<group>"; };
/* End PBXFileReference section */

/* Begin PBXFrameworksBuildPhase section */
		0B54335A15FF4DEE002CE137 /* Frameworks */ = {
			isa = PBXFrameworksBuildPhase;
			buildActionMask = 2147483647;
			files = (
				0B54336215FF4DEF002CE137 /* UIKit.framework in Frameworks */,
				0B54336415FF4DEF002CE137 /* Foundation.framework in Frameworks */,
				0B54336615FF4DEF002CE137 /* CoreGraphics.framework in Frameworks */,
			);
			runOnlyForDeploymentPostprocessing = 0;
		};
/* End PBXFrameworksBuildPhase section */

/* Begin PBXGroup section */
		0B54335215FF4DEE002CE137 = {
			isa = PBXGroup;
			children = (
				0B54336715FF4DEF002CE137 /* gglocker */,
				0B54336015FF4DEE002CE137 /* Frameworks */,
				0B54335E15FF4DEE002CE137 /* Products */,
			);
			sourceTree = "<group>";
		};
		0B54335E15FF4DEE002CE137 /* Products */ = {
			isa = PBXGroup;
			children = (
				0B54335D15FF4DEE002CE137 /* gglocker.app */,
			);
			name = Products;
			sourceTree = "<group>";
		};
		0B54336015FF4DEE002CE137 /* Frameworks */ = {
			isa = PBXGroup;
			children = (
				0B54336115FF4DEF002CE137 /* UIKit.framework */,
				0B54336315FF4DEF002CE137 /* Foundation.framework */,
				0B54336515FF4DEF002CE137 /* CoreGraphics.framework */,
			);
			name = Frameworks;
			sourceTree = "<group>";
		};
		0B54336715FF4DEF002CE137 /* gglocker */ = {
			isa = PBXGroup;
			children = (
				0B54338115FF54B3002CE137 /* LoginViewController.h */,
				0B54338215FF54B3002CE137 /* LoginViewController.m */,
				0B54337015FF4DEF002CE137 /* AppDelegate.h */,
				0B54337115FF4DEF002CE137 /* AppDelegate.m */,
				0B54337315FF4DEF002CE137 /* MainStoryboard.storyboard */,
				0B54336815FF4DEF002CE137 /* Supporting Files */,
				0B54338715FF65DA002CE137 /* LoginCheck.h */,
				0B54338815FF65DA002CE137 /* LoginCheck.m */,
				0B54338A15FF6DBE002CE137 /* NewItemViewController.h */,
				0B54338B15FF6DBE002CE137 /* NewItemViewController.m */,
				0B54338D15FF6DD9002CE137 /* ChangePasswordViewController.h */,
				0B54338E15FF6DD9002CE137 /* ChangePasswordViewController.m */,
				0B54339015FF6DF4002CE137 /* ViewItemViewController.h */,
				0B54339115FF6DF4002CE137 /* ViewItemViewController.m */,
				0B54339315FF6E3E002CE137 /* MainViewController.h */,
				0B54339415FF6E3E002CE137 /* MainViewController.m */,
				0B54339615FF932B002CE137 /* NSString_Md5Support.h */,
				0B54339715FF9377002CE137 /* NSString_Md5Support.m */,
				0B54339915FF9722002CE137 /* Logoff.h */,
				0B54339A15FF9722002CE137 /* Logoff.m */,
				0BDB8E5416008D6600FC8A35 /* ListCell.h */,
				0BDB8E5516008D6600FC8A35 /* ListCell.m */,
				0BDB8E581600989800FC8A35 /* ItemHandling.h */,
				0BDB8E591600989800FC8A35 /* ItemHandling.m */,
			);
			path = gglocker;
			sourceTree = "<group>";
		};
		0B54336815FF4DEF002CE137 /* Supporting Files */ = {
			isa = PBXGroup;
			children = (
				0B54336915FF4DEF002CE137 /* gglocker-Info.plist */,
				0B54336A15FF4DEF002CE137 /* InfoPlist.strings */,
				0B54336D15FF4DEF002CE137 /* main.m */,
				0B54336F15FF4DEF002CE137 /* gglocker-Prefix.pch */,
			);
			name = "Supporting Files";
			sourceTree = "<group>";
		};
/* End PBXGroup section */

/* Begin PBXNativeTarget section */
		0B54335C15FF4DEE002CE137 /* gglocker */ = {
			isa = PBXNativeTarget;
			buildConfigurationList = 0B54337B15FF4DEF002CE137 /* Build configuration list for PBXNativeTarget "gglocker" */;
			buildPhases = (
				0B54335915FF4DEE002CE137 /* Sources */,
				0B54335A15FF4DEE002CE137 /* Frameworks */,
				0B54335B15FF4DEE002CE137 /* Resources */,
			);
			buildRules = (
			);
			dependencies = (
			);
			name = gglocker;
			productName = gglocker;
			productReference = 0B54335D15FF4DEE002CE137 /* gglocker.app */;
			productType = "com.apple.product-type.application";
		};
/* End PBXNativeTarget section */

/* Begin PBXProject section */
		0B54335415FF4DEE002CE137 /* Project object */ = {
			isa = PBXProject;
			attributes = {
				LastUpgradeCheck = 0440;
				ORGANIZATIONNAME = "Gabriele Greco";
			};
			buildConfigurationList = 0B54335715FF4DEE002CE137 /* Build configuration list for PBXProject "gglocker" */;
			compatibilityVersion = "Xcode 3.2";
			developmentRegion = English;
			hasScannedForEncodings = 0;
			knownRegions = (
				en,
			);
			mainGroup = 0B54335215FF4DEE002CE137;
			productRefGroup = 0B54335E15FF4DEE002CE137 /* Products */;
			projectDirPath = "";
			projectRoot = "";
			targets = (
				0B54335C15FF4DEE002CE137 /* gglocker */,
			);
		};
/* End PBXProject section */

/* Begin PBXResourcesBuildPhase section */
		0B54335B15FF4DEE002CE137 /* Resources */ = {
			isa = PBXResourcesBuildPhase;
			buildActionMask = 2147483647;
			files = (
				0B54336C15FF4DEF002CE137 /* InfoPlist.strings in Resources */,
				0B54337515FF4DEF002CE137 /* MainStoryboard.storyboard in Resources */,
			);
			runOnlyForDeploymentPostprocessing = 0;
		};
/* End PBXResourcesBuildPhase section */

/* Begin PBXSourcesBuildPhase section */
		0B54335915FF4DEE002CE137 /* Sources */ = {
			isa = PBXSourcesBuildPhase;
			buildActionMask = 2147483647;
			files = (
				0B54336E15FF4DEF002CE137 /* main.m in Sources */,
				0B54337215FF4DEF002CE137 /* AppDelegate.m in Sources */,
				0B54338315FF54B3002CE137 /* LoginViewController.m in Sources */,
				0B54338915FF65DA002CE137 /* LoginCheck.m in Sources */,
				0B54338C15FF6DBE002CE137 /* NewItemViewController.m in Sources */,
				0B54338F15FF6DD9002CE137 /* ChangePasswordViewController.m in Sources */,
				0B54339215FF6DF4002CE137 /* ViewItemViewController.m in Sources */,
				0B54339515FF6E3E002CE137 /* MainViewController.m in Sources */,
				0B54339815FF9377002CE137 /* NSString_Md5Support.m in Sources */,
				0B54339B15FF9722002CE137 /* Logoff.m in Sources */,
				0BDB8E5616008D6600FC8A35 /* ListCell.m in Sources */,
				0BDB8E5A1600989800FC8A35 /* ItemHandling.m in Sources */,
			);
			runOnlyForDeploymentPostprocessing = 0;
		};
/* End PBXSourcesBuildPhase section */

/* Begin PBXVariantGroup section */
		0B54336A15FF4DEF002CE137 /* InfoPlist.strings */ = {
			isa = PBXVariantGroup;
			children = (
				0B54336B15FF4DEF002CE137 /* en */,
			);
			name = InfoPlist.strings;
			sourceTree = "<group>";
		};
		0B54337315FF4DEF002CE137 /* MainStoryboard.storyboard */ = {
			isa = PBXVariantGroup;
			children = (
				0B54337415FF4DEF002CE137 /* en */,
			);
			name = MainStoryboard.storyboard;
			sourceTree = "<group>";
		};
/* End PBXVariantGroup section */

/* Begin XCBuildConfiguration section */
		0B54337915FF4DEF002CE137 /* Debug */ = {
			isa = XCBuildConfiguration;
			buildSettings = {
				ALWAYS_SEARCH_USER_PATHS = NO;
				ARCHS = "$(ARCHS_STANDARD_32_BIT)";
				CLANG_CXX_LANGUAGE_STANDARD = "gnu++0x";
				CLANG_ENABLE_OBJC_ARC = YES;
				CLANG_WARN__DUPLICATE_METHOD_MATCH = YES;
				"CODE_SIGN_IDENTITY[sdk=iphoneos*]" = "iPhone Developer";
				COPY_PHASE_STRIP = NO;
				GCC_C_LANGUAGE_STANDARD = gnu99;
				GCC_DYNAMIC_NO_PIC = NO;
				GCC_OPTIMIZATION_LEVEL = 0;
				GCC_PREPROCESSOR_DEFINITIONS = (
					"DEBUG=1",
					"$(inherited)",
				);
				GCC_SYMBOLS_PRIVATE_EXTERN = NO;
				GCC_VERSION = com.apple.compilers.llvm.clang.1_0;
				GCC_WARN_ABOUT_RETURN_TYPE = YES;
				GCC_WARN_UNINITIALIZED_AUTOS = YES;
				GCC_WARN_UNUSED_VARIABLE = YES;
				IPHONEOS_DEPLOYMENT_TARGET = 5.1;
				SDKROOT = iphoneos;
			};
			name = Debug;
		};
		0B54337A15FF4DEF002CE137 /* Release */ = {
			isa = XCBuildConfiguration;
			buildSettings = {
				ALWAYS_SEARCH_USER_PATHS = NO;
				ARCHS = "$(ARCHS_STANDARD_32_BIT)";
				CLANG_CXX_LANGUAGE_STANDARD = "gnu++0x";
				CLANG_ENABLE_OBJC_ARC = YES;
				CLANG_WARN__DUPLICATE_METHOD_MATCH = YES;
				"CODE_SIGN_IDENTITY[sdk=iphoneos*]" = "iPhone Developer";
				COPY_PHASE_STRIP = YES;
				GCC_C_LANGUAGE_STANDARD = gnu99;
				GCC_VERSION = com.apple.compilers.llvm.clang.1_0;
				GCC_WARN_ABOUT_RETURN_TYPE = YES;
				GCC_WARN_UNINITIALIZED_AUTOS = YES;
				GCC_WARN_UNUSED_VARIABLE = YES;
				IPHONEOS_DEPLOYMENT_TARGET = 5.1;
				OTHER_CFLAGS = "-DNS_BLOCK_ASSERTIONS=1";
				SDKROOT = iphoneos;
				VALIDATE_PRODUCT = YES;
			};
			name = Release;
		};
		0B54337C15FF4DEF002CE137 /* Debug */ = {
			isa = XCBuildConfiguration;
			buildSettings = {
				GCC_PRECOMPILE_PREFIX_HEADER = YES;
				GCC_PREFIX_HEADER = "gglocker/gglocker-Prefix.pch";
				INFOPLIST_FILE = "gglocker/gglocker-Info.plist";
				PRODUCT_NAME = "$(TARGET_NAME)";
				WRAPPER_EXTENSION = app;
			};
			name = Debug;
		};
		0B54337D15FF4DEF002CE137 /* Release */ = {
			isa = XCBuildConfiguration;
			buildSettings = {
				GCC_PRECOMPILE_PREFIX_HEADER = YES;
				GCC_PREFIX_HEADER = "gglocker/gglocker-Prefix.pch";
				INFOPLIST_FILE = "gglocker/gglocker-Info.plist";
				PRODUCT_NAME = "$(TARGET_NAME)";
				WRAPPER_EXTENSION = app;
			};
			name = Release;
		};
/* End XCBuildConfiguration section */

/* Begin XCConfigurationList section */
		0B54335715FF4DEE002CE137 /* Build configuration list for PBXProject "gglocker" */ = {
			isa = XCConfigurationList;
			buildConfigurations = (
				0B54337915FF4DEF002CE137 /* Debug */,
				0B54337A15FF4DEF002CE137 /* Release */,
			);
			defaultConfigurationIsVisible = 0;
			defaultConfigurationName = Release;
		};
		0B54337B15FF4DEF002CE137 /* Build configuration list for PBXNativeTarget "gglocker" */ = {
			isa = XCConfigurationList;
			buildConfigurations = (
				0B54337C15FF4DEF002CE137 /* Debug */,
				0B54337D15FF4DEF002CE137 /* Release */,
			);
			defaultConfigurationIsVisible = 0;
			defaultConfigurationName = Release;
		};
/* End XCConfigurationList section */
	};
	rootObject = 0B54335415FF4DEE002CE137 /* Project object */;
}
